
Microsoft Visual Studio Solution File, Format Version 12.00
# Visual Studio Version 16
VisualStudioVersion = 16.0.30907.101
MinimumVisualStudioVersion = 10.0.40219.1
Project("{FAE04EC0-301F-11D3-BF4B-00C04F79EFBC}") = "MyShop.Core", "MyShop.Core\MyShop.Core.csproj", "{D239C3EF-FA4D-497B-A478-8E53DFAD49EC}"
EndProject
Project("{FAE04EC0-301F-11D3-BF4B-00C04F79EFBC}") = "MyShop.Services", "MyShop.Services\MyShop.Services.csproj", "{44B4BE41-EF3C-4EC7-83FF-6CC1AFE5F72B}"
EndProject
Project("{FAE04EC0-301F-11D3-BF4B-00C04F79EFBC}") = "MyShop.DataAccess.SQL", "MyShop.DataAccess.SQL\MyShop.DataAccess.SQL.csproj", "{1C6D8A93-89CA-4424-BA19-373B2EB232FC}"
EndProject
Project("{FAE04EC0-301F-11D3-BF4B-00C04F79EFBC}") = "MyShop.DataAccess.InMemory", "MyShop.DataAccess.InMemory\MyShop.DataAccess.InMemory.csproj", "{B6EBF68C-ED50-4FAD-BCC0-6A06076A12E6}"
EndProject
Project("{FAE04EC0-301F-11D3-BF4B-00C04F79EFBC}") = "MyShop.WebUI", "MyShop.WebUI\MyShop.WebUI.csproj", "{1395729A-B409-4514-9C82-975C8A57E6A0}"
EndProject
Project("{FAE04EC0-301F-11D3-BF4B-00C04F79EFBC}") = "MyShop.WebUI.Tests", "MyShop.WebUI.Tests\MyShop.WebUI.Tests.csproj", "{05AA6E52-D5AE-44E8-9263-8F145840ABF2}"
EndProject
Global
	GlobalSection(SolutionConfigurationPlatforms) = preSolution
		Debug|Any CPU = Debug|Any CPU
		Release|Any CPU = Release|Any CPU
	EndGlobalSection
	GlobalSection(ProjectConfigurationPlatforms) = postSolution
		{D239C3EF-FA4D-497B-A478-8E53DFAD49EC}.Debug|Any CPU.ActiveCfg = Debug|Any CPU
		{D239C3EF-FA4D-497B-A478-8E53DFAD49EC}.Debug|Any CPU.Build.0 = Debug|Any CPU
		{D239C3EF-FA4D-497B-A478-8E53DFAD49EC}.Release|Any CPU.ActiveCfg = Release|Any CPU
		{D239C3EF-FA4D-497B-A478-8E53DFAD49EC}.Release|Any CPU.Build.0 = Release|Any CPU
		{44B4BE41-EF3C-4EC7-83FF-6CC1AFE5F72B}.Debug|Any CPU.ActiveCfg = Debug|Any CPU
		{44B4BE41-EF3C-4EC7-83FF-6CC1AFE5F72B}.Debug|Any CPU.Build.0 = Debug|Any CPU
		{44B4BE41-EF3C-4EC7-83FF-6CC1AFE5F72B}.Release|Any CPU.ActiveCfg = Release|Any CPU
		{44B4BE41-EF3C-4EC7-83FF-6CC1AFE5F72B}.Release|Any CPU.Build.0 = Release|Any CPU
		{1C6D8A93-89CA-4424-BA19-373B2EB232FC}.Debug|Any CPU.ActiveCfg = Debug|Any CPU
		{1C6D8A93-89CA-4424-BA19-373B2EB232FC}.Debug|Any CPU.Build.0 = Debug|Any CPU
		{1C6D8A93-89CA-4424-BA19-373B2EB232FC}.Release|Any CPU.ActiveCfg = Release|Any CPU
		{1C6D8A93-89CA-4424-BA19-373B2EB232FC}.Release|Any CPU.Build.0 = Release|Any CPU
		{B6EBF68C-ED50-4FAD-BCC0-6A06076A12E6}.Debug|Any CPU.ActiveCfg = Debug|Any CPU
		{B6EBF68C-ED50-4FAD-BCC0-6A06076A12E6}.Debug|Any CPU.Build.0 = Debug|Any CPU
		{B6EBF68C-ED50-4FAD-BCC0-6A06076A12E6}.Release|Any CPU.ActiveCfg = Release|Any CPU
		{B6EBF68C-ED50-4FAD-BCC0-6A06076A12E6}.Release|Any CPU.Build.0 = Release|Any CPU
		{1395729A-B409-4514-9C82-975C8A57E6A0}.Debug|Any CPU.ActiveCfg = Debug|Any CPU
		{1395729A-B409-4514-9C82-975C8A57E6A0}.Debug|Any CPU.Build.0 = Debug|Any CPU
		{1395729A-B409-4514-9C82-975C8A57E6A0}.Release|Any CPU.ActiveCfg = Release|Any CPU
		{1395729A-B409-4514-9C82-975C8A57E6A0}.Release|Any CPU.Build.0 = Release|Any CPU
		{05AA6E52-D5AE-44E8-9263-8F145840ABF2}.Debug|Any CPU.ActiveCfg = Debug|Any CPU
		{05AA6E52-D5AE-44E8-9263-8F145840ABF2}.Debug|Any CPU.Build.0 = Debug|Any CPU
		{05AA6E52-D5AE-44E8-9263-8F145840ABF2}.Release|Any CPU.ActiveCfg = Release|Any CPU
		{05AA6E52-D5AE-44E8-9263-8F145840ABF2}.Release|Any CPU.Build.0 = Release|Any CPU
	EndGlobalSection
	GlobalSection(SolutionProperties) = preSolution
		HideSolutionNode = FALSE
	EndGlobalSection
	GlobalSection(ExtensibilityGlobals) = postSolution
		SolutionGuid = {06F394B1-9376-4043-8828-B1DD69B3D15E}
	EndGlobalSection
EndGlobal
